
Microsoft Visual Studio Solution File, Format Version 12.00
# Visual Studio Version 16
VisualStudioVersion = 16.0.29911.84
MinimumVisualStudioVersion = 10.0.40219.1
Project("{FAE04EC0-301F-11D3-BF4B-00C04F79EFBC}") = "ApiItalika", "ApiItalika\ApiItalika.csproj", "{59F17D05-B61A-4A0A-B297-3220B9E97CDC}"
EndProject
Global
	GlobalSection(SolutionConfigurationPlatforms) = preSolution
		Debug|Any CPU = Debug|Any CPU
		Release|Any CPU = Release|Any CPU
	EndGlobalSection
	GlobalSection(ProjectConfigurationPlatforms) = postSolution
		{59F17D05-B61A-4A0A-B297-3220B9E97CDC}.Debug|Any CPU.ActiveCfg = Debug|Any CPU
		{59F17D05-B61A-4A0A-B297-3220B9E97CDC}.Debug|Any CPU.Build.0 = Debug|Any CPU
		{59F17D05-B61A-4A0A-B297-3220B9E97CDC}.Release|Any CPU.ActiveCfg = Release|Any CPU
		{59F17D05-B61A-4A0A-B297-3220B9E97CDC}.Release|Any CPU.Build.0 = Release|Any CPU
	EndGlobalSection
	GlobalSection(SolutionProperties) = preSolution
		HideSolutionNode = FALSE
	EndGlobalSection
	GlobalSection(ExtensibilityGlobals) = postSolution
		SolutionGuid = {F6401D10-6960-427D-A018-01FA3F978086}
	EndGlobalSection
EndGlobal
